github.com/acronis/go-cti v1.0.0 h1:ZVW28Gn8Xist+lOB5914rqBs9p4kbrbBoxd6E0Go32c=
github.com/acronis/go-cti v1.0.0/go.mod h1:bKgD6h/r4PVdiU4uFMPmlIaVRirP70754aSC9b3ftpk=
github.com/acronis/go-cti/metadata/ramlx v1.4.0 h1:i/x0PUzwjQSHmI9RB8UHtLPmdDsTGgqVdEy4R9B2yFw=
github.com/acronis/go-cti/metadata/ramlx v1.4.0/go.mod h1:x1atAQyu/8hiFyNEqkLfR2afrTEoi1TYlMofmUcWnbY=
github.com/acronis/go-raml v1.22.0 h1:915OKeRn1dfb7fpWl+Z5nVuUFuYEsjCMN8u/zGH6to0=
github.com/acronis/go-raml v1.22.0/go.mod h1:nsDSvrLzyBzBWGB9HEad7GE+IxvF85cDn4KypBJwnh4=
github.com/acronis/go-stacktrace v0.4.0 h1:rL+6LxDnQ1/KcaCvF6ftC1Hjg91rjuPjPxS7+xH81xk=
github.com/acronis/go-stacktrace v0.4.0/go.mod h1:7Yf4nTbD//u5yR21BhiLzitxh8lU8Vb8SakHhoRAyqQ=
github.com/acronis/go-stacktrace/slogex v0.3.0 h1:PdHLMwPql8V7ZnmzzfCuZsrP7xCDpqfyNSfGDu8+OgI=
github.com/acronis/go-stacktrace/slogex v0.3.0/go.mod h1:iahItfhMndrugljHM87vXza344Lqu7YF4wMUNapf6xw=
github.com/antlr4-go/antlr/v4 v4.13.0 h1:lxCg3LAv+EUK6t1i0y1V6/SLeUi0eKEKdhQAlS8TVTI=
github.com/antlr4-go/antlr/v4 v4.13.0/go.mod h1:pfChB/xh/Unjila75QW7+VU4TSnWnnk9UTnmpPaOR2g=
github.com/bahlo/generic-list-go v0.2.0 h1:5sz/EEAK+ls5wF+NeqDpk5+iNdMDXrh3z3nPnH1Wvgk=
github.com/bahlo/generic-list-go v0.2.0/go.mod h1:2KvAjgMlE5NNynlg/5iLrrCCZ2+5xWbdbCW3pNTGyYg=
github.com/blang/semver/v4 v4.0.0 h1:1PFHFE6yCCTv8C1TeyNNarDzntLi7wMI5i/pzqYIsAM=
github.com/blang/semver/v4 v4.0.0/go.mod h1:IbckMUScFkM3pff0VJDNKRiT6TG/YpiHIM2yvyW5YoQ=
github.com/buger/jsonparser v1.1.1 h1:2PnMjfWD7wBILjqQbt530v576A/cAbQvEW9gGIpYMUs=
github.com/buger/jsonparser v1.1.1/go.mod h1:6RYKKt7H4d4+iWqouImQ9R2FZql3VbhNgx27UK13J/0=
github.com/creack/pty v1.1.9/go.mod h1:oKZEueFk5CKHvIhNR5MUki03XCEU+Q6VDXinZuGJ33E=
github.com/davecgh/go-spew v1.1.0/go.mod h1:J7Y8YcW2NihsgmVo/mv3lAwl/skON4iLHjSsI+c5H38=
github.com/davecgh/go-spew v1.1.2-0.20180830191138-d8f796af33cc h1:U9qPSI2PIWSS1VwoXQT9A3Wy9MM3WgvqSxFWenqJduM=
github.com/davecgh/go-spew v1.1.2-0.20180830191138-d8f796af33cc/go.mod h1:J7Y8YcW2NihsgmVo/mv3lAwl/skON4iLHjSsI+c5H38=
github.com/dusted-go/logging v1.3.0 h1:SL/EH1Rp27oJQIte+LjWvWACSnYDTqNx5gZULin0XRY=
github.com/dusted-go/logging v1.3.0/go.mod h1:s58+s64zE5fxSWWZfp+b8ZV0CHyKHjamITGyuY1wzGg=
github.com/google/uuid v1.6.0 h1:NIvaJDMOsjHA8n1jAhLSgzrAzy1Hgr+hNrb57e+94F0=
github.com/google/uuid v1.6.0/go.mod h1:TIyPZe4MgqvfeYDBFedMoGGpEw/LqOeaOT+nhxU+yHo=
github.com/josharian/intern v1.0.0/go.mod h1:5DoeVV0s6jJacbCEi61lwdGj/aVlrQvzHFFd8Hwg//Y=
github.com/klauspost/cpuid/v2 v2.2.5 h1:0E5MSMDEoAulmXNFquVs//DdoomxaoTY1kUhbc/qbZg=
github.com/klauspost/cpuid/v2 v2.2.5/go.mod h1:Lcz8mBdAVJIBVzewtcLocK12l3Y+JytZYpaMropDUws=
github.com/kr/pretty v0.3.1 h1:flRD4NNwYAUpkphVc1HcthR4KEIFJ65n8Mw5qdRn3LE=
github.com/kr/pretty v0.3.1/go.mod h1:hoEshYVHaxMs3cyo3Yncou5ZscifuDolrwPKZanG3xk=
github.com/kr/text v0.2.0 h1:5Nx0Ya0ZqY2ygV366QzturHI13Jq95ApcVaJBhpS+AY=
github.com/kr/text v0.2.0/go.mod h1:eLer722TekiGuMkidMxC/pM04lWEeraHUUmBw8l2grE=
github.com/mailru/easyjson v0.7.7 h1:UGYAvKxe3sBsEDzO8ZeWOSlIQfWFlxbzLZe7hwFURr0=
github.com/mailru/easyjson v0.7.7/go.mod h1:xzfreul335JAWq5oZzymOObrkdz5UnU4kGfJJLY9Nlc=
github.com/otiai10/copy v1.14.0 h1:dCI/t1iTdYGtkvCuBG2BgR6KZa83PTclw4U5n2wAllU=
github.com/otiai10/copy v1.14.0/go.mod h1:ECfuL02W+/FkTWZWgQqXPWZgW9oeKCSQ5qVfSc4qc4w=
github.com/otiai10/mint v1.5.1 h1:XaPLeE+9vGbuyEHem1JNk3bYc7KKqyI/na0/mLd/Kks=
github.com/otiai10/mint v1.5.1/go.mod h1:MJm72SBthJjz8qhefc4z1PYEieWmy8Bku7CjcAqyUSM=
github.com/pmezard/go-difflib v1.0.0/go.mod h1:iKH77koFhYxTK1pcRnkKkqfTogsbg7gZNVY4sRDYZ/4=
github.com/pmezard/go-difflib v1.0.1-0.20181226105442-5d4384ee4fb2 h1:Jamvg5psRIccs7FGNTlIRMkT8wgtp5eCXdBlqhYGL6U=
github.com/pmezard/go-difflib v1.0.1-0.20181226105442-5d4384ee4fb2/go.mod h1:iKH77koFhYxTK1pcRnkKkqfTogsbg7gZNVY4sRDYZ/4=
github.com/rogpeppe/go-internal v1.13.1 h1:KvO1DLK/DRN07sQ1LQKScxyZJuNnedQ5/wKSR38lUII=
github.com/rogpeppe/go-internal v1.13.1/go.mod h1:uMEvuHeurkdAXX61udpOXGD/AzZDWNMNyH2VO9fmH0o=
github.com/samber/lo v1.47.0 h1:z7RynLwP5nbyRscyvcD043DWYoOcYRv3mV8lBeqOCLc=
github.com/samber/lo v1.47.0/go.mod h1:RmDH9Ct32Qy3gduHQuKJ3gW1fMHAnE/fAzQuf6He5cU=
github.com/samber/slog-formatter v1.1.1 h1:8hmUOoWlO+lF4Df1CO8be63IdTnvJubjBDW3iWvx4m8=
github.com/samber/slog-formatter v1.1.1/go.mod h1:62fqjJlw8uYOByt0g+oPZ5wNe9EcLmFoAgmPiun5qds=
github.com/samber/slog-multi v1.2.4 h1:k9x3JAWKJFPKffx+oXZ8TasaNuorIW4tG+TXxkt6Ry4=
github.com/samber/slog-multi v1.2.4/go.mod h1:ACuZ5B6heK57TfMVkVknN2UZHoFfjCwRxR0Q2OXKHlo=
github.com/stretchr/objx v0.1.0/go.mod h1:HFkY916IF+rwdDfMAkV7OtwuqBVzrE8GR6GFx+wExME=
github.com/stretchr/testify v1.3.0/go.mod h1:M5WIy9Dh21IEIfnGCwXGc5bZfKNJtfHm1UVUgZn+9EI=
github.com/stretchr/testify v1.9.0 h1:HtqpIVDClZ4nwg75+f6Lvsy/wHu+3BoSGCbBAcpTsTg=
github.com/stretchr/testify v1.9.0/go.mod h1:r2ic/lqez/lEtzL7wO/rwa5dbSLXVDPFyf8C91i36aY=
github.com/tidwall/gjson v1.18.0 h1:FIDeeyB800efLX89e5a8Y0BNH+LOngJyGrIWxG2FKQY=
github.com/tidwall/gjson v1.18.0/go.mod h1:/wbyibRr2FHMks5tjHJ5F8dMZh3AcwJEMf5vlfC0lxk=
github.com/tidwall/match v1.1.1 h1:+Ho715JplO36QYgwN9PGYNhgZvoUSc9X2c80KVTi+GA=
github.com/tidwall/match v1.1.1/go.mod h1:eRSPERbgtNPcGhD8UCthc6PmLEQXEWd3PRB5JTxsfmM=
github.com/tidwall/pretty v1.2.0 h1:RWIZEg2iJ8/g6fDDYzMpobmaoGh5OLl4AXtGUGPcqCs=
github.com/tidwall/pretty v1.2.0/go.mod h1:ITEVvHYasfjBbM0u2Pg8T2nJnzm8xPwvNhhsoaGGjNU=
github.com/wk8/go-ordered-map/v2 v2.1.8 h1:5h/BUHu93oj4gIdvHHHGsScSTMijfx5PeYkE/fJgbpc=
github.com/wk8/go-ordered-map/v2 v2.1.8/go.mod h1:5nJHM5DyteebpVlHnWMV0rPz6Zp7+xBAnxjb1X5vnTw=
github.com/xeipuuv/gojsonpointer v0.0.0-20180127040702-4e3ac2762d5f h1:J9EGpcZtP0E/raorCMxlFGSTBrsSlaDGf3jU/qvAE2c=
github.com/xeipuuv/gojsonpointer v0.0.0-20180127040702-4e3ac2762d5f/go.mod h1:N2zxlSyiKSe5eX1tZViRH5QA0qijqEDrYZiPEAiq3wU=
github.com/xeipuuv/gojsonreference v0.0.0-20180127040603-bd5ef7bd5415 h1:EzJWgHovont7NscjpAxXsDA8S8BMYve8Y5+7cuRE7R0=
github.com/xeipuuv/gojsonreference v0.0.0-20180127040603-bd5ef7bd5415/go.mod h1:GwrjFmJcFw6At/Gs6z4yjiIwzuJ1/+UwLxMQDVQXShQ=
github.com/xeipuuv/gojsonschema v1.2.0 h1:LhYJRs+L4fBtjZUfuSZIKGeVu0QRy8e5Xi7D17UxZ74=
github.com/xeipuuv/gojsonschema v1.2.0/go.mod h1:anYRn/JVcOK2ZgGU+IjEV4nwlhoK5sQluxsYJ78Id3Y=
github.com/zeebo/assert v1.3.0 h1:g7C04CbJuIDKNPFHmsk4hwZDO5O+kntRxzaUoNXj+IQ=
github.com/zeebo/assert v1.3.0/go.mod h1:Pq9JiuJQpG8JLJdtkwrJESF0Foym2/D9XMU5ciN/wJ0=
github.com/zeebo/xxh3 v1.0.2 h1:xZmwmqxHZA8AI603jOQ0tMqmBr9lPeFwGg6d+xy9DC0=
github.com/zeebo/xxh3 v1.0.2/go.mod h1:5NWz9Sef7zIDm2JHfFlcQvNekmcEl9ekUZQQKCYaDcA=
golang.org/x/exp v0.0.0-20230515195305-f3d0a9c9a5cc h1:mCRnTeVUjcrhlRmO0VK8a6k6Rrf6TF9htwo2pJVSjIU=
golang.org/x/exp v0.0.0-20230515195305-f3d0a9c9a5cc/go.mod h1:V1LtkGg67GoY2N1AnLN78QLrzxkLyJw7RJb1gzOOz9w=
golang.org/x/mod v0.21.0 h1:vvrHzRwRfVKSiLrG+d4FMl/Qi4ukBCE6kZlTUkDYRT0=
golang.org/x/mod v0.21.0/go.mod h1:6SkKJ3Xj0I0BrPOZoBy3bdMptDDU9oJrpohJ3eWZ1fY=
golang.org/x/sync v0.8.0 h1:3NFvSEYkUoMifnESzZl15y791HH1qU2xm6eCJU5ZPXQ=
golang.org/x/sync v0.8.0/go.mod h1:Czt+wKu1gCyEFDUtn0jG5QVvpJ6rzVqr5aXyt9drQfk=
golang.org/x/sys v0.5.0/go.mod h1:oPkhp1MJrh7nUepCBck5+mAzfO9JrbApNNgaTdGDITg=
golang.org/x/sys v0.28.0 h1:Fksou7UEQUWlKvIdsqzJmUmCX3cZuD2+P3XyyzwMhlA=
golang.org/x/sys v0.28.0/go.mod h1:/VUhepiaJMQUp4+oa/7Zr1D23ma6VTLIYjOOTFZPUcA=
golang.org/x/text v0.18.0 h1:XvMDiNzPAl0jr17s6W9lcaIhGUfUORdGCNsuLmPG224=
golang.org/x/text v0.18.0/go.mod h1:BuEKDfySbSR4drPmRPG/7iBdf8hvFMuRexcpahXilzY=
gopkg.in/check.v1 v0.0.0-20161208181325-20d25e280405/go.mod h1:Co6ibVJAznAaIkqp8huTwlJQCZ016jof/cbN4VW5Yz0=
gopkg.in/check.v1 v1.0.0-20201130134442-10cb98267c6c h1:Hei/4ADfdWqJk1ZMxUNpqntNwaWcugrBjAiHlqqRiVk=
gopkg.in/check.v1 v1.0.0-20201130134442-10cb98267c6c/go.mod h1:JHkPIbrfpd72SG/EVd6muEfDQjcINNoR0C8j2r3qZ4Q=
gopkg.in/yaml.v3 v3.0.1 h1:fxVm/GzAzEWqLHuvctI91KS9hhNmmWOoWu0XTYJS7CA=
gopkg.in/yaml.v3 v3.0.1/go.mod h1:K4uyk7z7BCEPqu6E+C64Yfv1cQ7kz7rIZviUmN+EgEM=
